
Microsoft Visual Studio Solution File, Format Version 12.00
# Visual Studio 2012
Project("{FAE04EC0-301F-11D3-BF4B-00C04F79EFBC}") = "MaxiDemo", "..\MaxiDemo\MaxiDemo.csproj", "{486225BE-6C3A-42F5-9D1B-3E0F5C85D15A}"
EndProject
Project("{FAE04EC0-301F-11D3-BF4B-00C04F79EFBC}") = "MaxiDemo.Data", "..\MaxiDemo.Data\MaxiDemo.Data.csproj", "{AF225603-575F-449D-9CF6-6E4598E55ECE}"
EndProject
Global
	GlobalSection(SolutionConfigurationPlatforms) = preSolution
		Debug|Any CPU = Debug|Any CPU
		Release|Any CPU = Release|Any CPU
	EndGlobalSection
	GlobalSection(ProjectConfigurationPlatforms) = postSolution
		{486225BE-6C3A-42F5-9D1B-3E0F5C85D15A}.Debug|Any CPU.ActiveCfg = Debug|Any CPU
		{486225BE-6C3A-42F5-9D1B-3E0F5C85D15A}.Debug|Any CPU.Build.0 = Debug|Any CPU
		{486225BE-6C3A-42F5-9D1B-3E0F5C85D15A}.Release|Any CPU.ActiveCfg = Release|Any CPU
		{486225BE-6C3A-42F5-9D1B-3E0F5C85D15A}.Release|Any CPU.Build.0 = Release|Any CPU
		{AF225603-575F-449D-9CF6-6E4598E55ECE}.Debug|Any CPU.ActiveCfg = Debug|Any CPU
		{AF225603-575F-449D-9CF6-6E4598E55ECE}.Debug|Any CPU.Build.0 = Debug|Any CPU
		{AF225603-575F-449D-9CF6-6E4598E55ECE}.Release|Any CPU.ActiveCfg = Release|Any CPU
		{AF225603-575F-449D-9CF6-6E4598E55ECE}.Release|Any CPU.Build.0 = Release|Any CPU
	EndGlobalSection
	GlobalSection(SolutionProperties) = preSolution
		HideSolutionNode = FALSE
	EndGlobalSection
EndGlobal
